
Microsoft Visual Studio Solution File, Format Version 12.00
# Visual Studio Version 17
VisualStudioVersion = 17.3.32901.215
MinimumVisualStudioVersion = 10.0.40219.1
Project("{FAE04EC0-301F-11D3-BF4B-00C04F79EFBC}") = "2323", "2323\2323.csproj", "{C2D27BAC-10E9-44D2-8098-F0C7F22E94CC}"
EndProject
Global
	GlobalSection(SolutionConfigurationPlatforms) = preSolution
		Debug|Any CPU = Debug|Any CPU
		Release|Any CPU = Release|Any CPU
	EndGlobalSection
	GlobalSection(ProjectConfigurationPlatforms) = postSolution
		{C2D27BAC-10E9-44D2-8098-F0C7F22E94CC}.Debug|Any CPU.ActiveCfg = Debug|Any CPU
		{C2D27BAC-10E9-44D2-8098-F0C7F22E94CC}.Debug|Any CPU.Build.0 = Debug|Any CPU
		{C2D27BAC-10E9-44D2-8098-F0C7F22E94CC}.Release|Any CPU.ActiveCfg = Release|Any CPU
		{C2D27BAC-10E9-44D2-8098-F0C7F22E94CC}.Release|Any CPU.Build.0 = Release|Any CPU
	EndGlobalSection
	GlobalSection(SolutionProperties) = preSolution
		HideSolutionNode = FALSE
	EndGlobalSection
	GlobalSection(ExtensibilityGlobals) = postSolution
		SolutionGuid = {D81AED82-20C1-40C0-ACC0-8FB01D0570E1}
	EndGlobalSection
EndGlobal
