
Microsoft Visual Studio Solution File, Format Version 12.00
# Visual Studio Version 17
VisualStudioVersion = 17.3.32901.215
MinimumVisualStudioVersion = 10.0.40219.1
Project("{FAE04EC0-301F-11D3-BF4B-00C04F79EFBC}") = "WindowsFormsApp1", "WindowsFormsApp1\WindowsFormsApp1.csproj", "{6F1AEDAC-DCE9-405A-AFBA-3F0D4A0480C2}"
EndProject
Project("{FAE04EC0-301F-11D3-BF4B-00C04F79EFBC}") = "WindowsFormsApp2", "WindowsFormsApp2\WindowsFormsApp2.csproj", "{B591014B-D347-45C9-975E-36555EB21965}"
EndProject
Global
	GlobalSection(SolutionConfigurationPlatforms) = preSolution
		Debug|Any CPU = Debug|Any CPU
		Release|Any CPU = Release|Any CPU
	EndGlobalSection
	GlobalSection(ProjectConfigurationPlatforms) = postSolution
		{6F1AEDAC-DCE9-405A-AFBA-3F0D4A0480C2}.Debug|Any CPU.ActiveCfg = Debug|Any CPU
		{6F1AEDAC-DCE9-405A-AFBA-3F0D4A0480C2}.Debug|Any CPU.Build.0 = Debug|Any CPU
		{6F1AEDAC-DCE9-405A-AFBA-3F0D4A0480C2}.Release|Any CPU.ActiveCfg = Release|Any CPU
		{6F1AEDAC-DCE9-405A-AFBA-3F0D4A0480C2}.Release|Any CPU.Build.0 = Release|Any CPU
		{B591014B-D347-45C9-975E-36555EB21965}.Debug|Any CPU.ActiveCfg = Debug|Any CPU
		{B591014B-D347-45C9-975E-36555EB21965}.Debug|Any CPU.Build.0 = Debug|Any CPU
		{B591014B-D347-45C9-975E-36555EB21965}.Release|Any CPU.ActiveCfg = Release|Any CPU
		{B591014B-D347-45C9-975E-36555EB21965}.Release|Any CPU.Build.0 = Release|Any CPU
	EndGlobalSection
	GlobalSection(SolutionProperties) = preSolution
		HideSolutionNode = FALSE
	EndGlobalSection
	GlobalSection(ExtensibilityGlobals) = postSolution
		SolutionGuid = {EFA54EBF-FAA0-4CEC-A302-3EC6DDA6527D}
	EndGlobalSection
EndGlobal
